
Microsoft Visual Studio Solution File, Format Version 12.00
# Visual Studio 15
VisualStudioVersion = 15.0.28307.1145
MinimumVisualStudioVersion = 10.0.40219.1
Project("{FAE04EC0-301F-11D3-BF4B-00C04F79EFBC}") = "WebApplication11", "WebApplication11\WebApplication11.csproj", "{AAF437F2-4CFD-41D4-AF3C-13C25DEF00BF}"
EndProject
Global
	GlobalSection(SolutionConfigurationPlatforms) = preSolution
		Debug|Any CPU = Debug|Any CPU
		Release|Any CPU = Release|Any CPU
	EndGlobalSection
	GlobalSection(ProjectConfigurationPlatforms) = postSolution
		{AAF437F2-4CFD-41D4-AF3C-13C25DEF00BF}.Debug|Any CPU.ActiveCfg = Debug|Any CPU
		{AAF437F2-4CFD-41D4-AF3C-13C25DEF00BF}.Debug|Any CPU.Build.0 = Debug|Any CPU
		{AAF437F2-4CFD-41D4-AF3C-13C25DEF00BF}.Release|Any CPU.ActiveCfg = Release|Any CPU
		{AAF437F2-4CFD-41D4-AF3C-13C25DEF00BF}.Release|Any CPU.Build.0 = Release|Any CPU
	EndGlobalSection
	GlobalSection(SolutionProperties) = preSolution
		HideSolutionNode = FALSE
	EndGlobalSection
	GlobalSection(ExtensibilityGlobals) = postSolution
		SolutionGuid = {E9EFF17A-7558-47FC-9F74-4ABFE1C9039F}
	EndGlobalSection
EndGlobal
